{
  "name": "electron-dragfile-plugin",
  "version": "1.0.8",
  "lockfileVersion": 3,
  "requires": true,
  "packages": {
    "": {
      "name": "electron-dragfile-plugin",
      "version": "1.0.8",
      "license": "MIT",
      "devDependencies": {
        "@napi-rs/cli": "^2.18.0"
      },
      "engines": {
        "node": ">= 14"
      },
      "optionalDependencies": {
        "electron-dragfile-plugin-darwin-arm64": "1.0.7",
        "electron-dragfile-plugin-darwin-x64": "1.0.7",
        "electron-dragfile-plugin-win32-x64-msvc": "1.0.7"
      }
    },
    "node_modules/@napi-rs/cli": {
      "version": "2.18.4",
      "resolved": "https://registry.npmjs.org/@napi-rs/cli/-/cli-2.18.4.tgz",
      "integrity": "sha512-SgJeA4df9DE2iAEpr3M2H0OKl/yjtg1BnRI5/JyowS71tUWhrfSu2LT0V3vlHET+g1hBVlrO60PmEXwUEKp8Mg==",
      "dev": true,
      "license": "MIT",
      "bin": {
        "napi": "scripts/index.js"
      },
      "engines": {
        "node": ">= 10"
      },
      "funding": {
        "type": "github",
        "url": "https://github.com/sponsors/Brooooooklyn"
      }
    },
    "node_modules/electron-dragfile-plugin-darwin-x64": {
      "version": "1.0.7",
      "resolved": "https://registry.npmjs.org/electron-dragfile-plugin-darwin-x64/-/electron-dragfile-plugin-darwin-x64-1.0.7.tgz",
      "integrity": "sha512-uZruUEcb8P/uY3sq1Wwd9W6O9zzm8n8scFecGVXJZdgGmK4mgG+xoVcM/nt8l0z5SRW4diFv/16Qe6KtYOse6Q==",
      "cpu": [
        "x64"
      ],
      "optional": true,
      "os": [
        "darwin"
      ],
      "engines": {
        "node": ">= 14"
      }
    },
    "node_modules/electron-dragfile-plugin-win32-x64-msvc": {
      "version": "1.0.7",
      "resolved": "https://registry.npmjs.org/electron-dragfile-plugin-win32-x64-msvc/-/electron-dragfile-plugin-win32-x64-msvc-1.0.7.tgz",
      "integrity": "sha512-kA6Wlm3EexYVldI8McYlxodAQZuodGVXhDGTNUR8cec/CgFjYvXgbpbX4hH9Kq+wF+9ld6RrkNhtjEuEfivyug==",
      "cpu": [
        "x64"
      ],
      "optional": true,
      "os": [
        "win32"
      ],
      "engines": {
        "node": ">= 14"
      }
    }
  }
}
